
Microsoft Visual Studio Solution File, Format Version 12.00
# Visual Studio Version 17
VisualStudioVersion = 17.7.34221.43
MinimumVisualStudioVersion = 10.0.40219.1
Project("{FAE04EC0-301F-11D3-BF4B-00C04F79EFBC}") = "Organtransplant2", "Organtransplant2.csproj", "{2C85B139-A572-419E-B0E0-876360721B29}"
EndProject
Project("{2150E333-8FDC-42A3-9474-1A3956D46DE8}") = "Solution Items", "Solution Items", "{9A4DD771-71FE-4EEF-9DAA-4FD4B0D28655}"
	ProjectSection(SolutionItems) = preProject
		Bernt.cs = Bernt.cs
		Kåre.cs = Kåre.cs
	EndProjectSection
EndProject
Global
	GlobalSection(SolutionConfigurationPlatforms) = preSolution
		Debug|Any CPU = Debug|Any CPU
		Release|Any CPU = Release|Any CPU
	EndGlobalSection
	GlobalSection(ProjectConfigurationPlatforms) = postSolution
		{2C85B139-A572-419E-B0E0-876360721B29}.Debug|Any CPU.ActiveCfg = Debug|Any CPU
		{2C85B139-A572-419E-B0E0-876360721B29}.Debug|Any CPU.Build.0 = Debug|Any CPU
		{2C85B139-A572-419E-B0E0-876360721B29}.Release|Any CPU.ActiveCfg = Release|Any CPU
		{2C85B139-A572-419E-B0E0-876360721B29}.Release|Any CPU.Build.0 = Release|Any CPU
	EndGlobalSection
	GlobalSection(SolutionProperties) = preSolution
		HideSolutionNode = FALSE
	EndGlobalSection
	GlobalSection(ExtensibilityGlobals) = postSolution
		SolutionGuid = {D3B29D09-8910-4DF6-8ECD-24402AB066BE}
	EndGlobalSection
EndGlobal
